// !$*UTF8*$!
{
	archiveVersion = 1;
	classes = {
	};
	objectVersion = 46;
	objects = {

/* Begin PBXBuildFile section */
		230B4C741C03348800FDCA5C /* CroupierCollectionViewCell.swift in Sources */ = {isa = PBXBuildFile; fileRef = 230B4C721C03348800FDCA5C /* CroupierCollectionViewCell.swift */; };
		230B4C751C03348800FDCA5C /* CroupierCollectionViewCell.xib in Resources */ = {isa = PBXBuildFile; fileRef = 230B4C731C03348800FDCA5C /* CroupierCollectionViewCell.xib */; };
		2319893D1BFF4F2F00F4C94A /* GridCollectionViewLayout.swift in Sources */ = {isa = PBXBuildFile; fileRef = 2319893C1BFF4F2F00F4C94A /* GridCollectionViewLayout.swift */; };
		2319893F1BFF58B000F4C94A /* DeckCollectionViewLayout.swift in Sources */ = {isa = PBXBuildFile; fileRef = 2319893E1BFF58B000F4C94A /* DeckCollectionViewLayout.swift */; };
		231989411BFF5FFF00F4C94A /* MasterCollectionViewLayout.swift in Sources */ = {isa = PBXBuildFile; fileRef = 231989401BFF5FFF00F4C94A /* MasterCollectionViewLayout.swift */; };
		2362DD5D1C00C46D002C1D64 /* ScatterCollectionViewLayout.swift in Sources */ = {isa = PBXBuildFile; fileRef = 2362DD5C1C00C46D002C1D64 /* ScatterCollectionViewLayout.swift */; };
		237E2F6E1BF8D4CC00CDF37B /* AppDelegate.swift in Sources */ = {isa = PBXBuildFile; fileRef = 237E2F6D1BF8D4CC00CDF37B /* AppDelegate.swift */; };
		237E2F701BF8D4CC00CDF37B /* ViewController.swift in Sources */ = {isa = PBXBuildFile; fileRef = 237E2F6F1BF8D4CC00CDF37B /* ViewController.swift */; };
		237E2F731BF8D4CC00CDF37B /* Main.storyboard in Resources */ = {isa = PBXBuildFile; fileRef = 237E2F711BF8D4CC00CDF37B /* Main.storyboard */; };
		237E2F751BF8D4CC00CDF37B /* Assets.xcassets in Resources */ = {isa = PBXBuildFile; fileRef = 237E2F741BF8D4CC00CDF37B /* Assets.xcassets */; };
		237E2F781BF8D4CC00CDF37B /* LaunchScreen.storyboard in Resources */ = {isa = PBXBuildFile; fileRef = 237E2F761BF8D4CC00CDF37B /* LaunchScreen.storyboard */; };
		237E2F801BF8D63C00CDF37B /* CircularCollectionViewLayout.swift in Sources */ = {isa = PBXBuildFile; fileRef = 237E2F7F1BF8D63C00CDF37B /* CircularCollectionViewLayout.swift */; };
		237E2F861BF8D9B000CDF37B /* CroupierStyleKit.swift in Sources */ = {isa = PBXBuildFile; fileRef = 237E2F851BF8D9B000CDF37B /* CroupierStyleKit.swift */; };
		237E2F881BF8DA0D00CDF37B /* CardView.swift in Sources */ = {isa = PBXBuildFile; fileRef = 237E2F871BF8DA0D00CDF37B /* CardView.swift */; };
/* End PBXBuildFile section */

/* Begin PBXFileReference section */
		230B4C721C03348800FDCA5C /* CroupierCollectionViewCell.swift */ = {isa = PBXFileReference; fileEncoding = 4; lastKnownFileType = sourcecode.swift; path = CroupierCollectionViewCell.swift; sourceTree = "<group>"; };
		230B4C731C03348800FDCA5C /* CroupierCollectionViewCell.xib */ = {isa = PBXFileReference; fileEncoding = 4; lastKnownFileType = file.xib; path = CroupierCollectionViewCell.xib; sourceTree = "<group>"; };
		2319893C1BFF4F2F00F4C94A /* GridCollectionViewLayout.swift */ = {isa = PBXFileReference; fileEncoding = 4; lastKnownFileType = sourcecode.swift; path = GridCollectionViewLayout.swift; sourceTree = "<group>"; };
		2319893E1BFF58B000F4C94A /* DeckCollectionViewLayout.swift */ = {isa = PBXFileReference; fileEncoding = 4; lastKnownFileType = sourcecode.swift; path = DeckCollectionViewLayout.swift; sourceTree = "<group>"; };
		231989401BFF5FFF00F4C94A /* MasterCollectionViewLayout.swift */ = {isa = PBXFileReference; fileEncoding = 4; lastKnownFileType = sourcecode.swift; path = MasterCollectionViewLayout.swift; sourceTree = "<group>"; };
		2362DD5C1C00C46D002C1D64 /* ScatterCollectionViewLayout.swift */ = {isa = PBXFileReference; fileEncoding = 4; lastKnownFileType = sourcecode.swift; path = ScatterCollectionViewLayout.swift; sourceTree = "<group>"; };
		237E2F6A1BF8D4CC00CDF37B /* Croupier.app */ = {isa = PBXFileReference; explicitFileType = wrapper.application; includeInIndex = 0; path = Croupier.app; sourceTree = BUILT_PRODUCTS_DIR; };
		237E2F6D1BF8D4CC00CDF37B /* AppDelegate.swift */ = {isa = PBXFileReference; lastKnownFileType = sourcecode.swift; path = AppDelegate.swift; sourceTree = "<group>"; };
		237E2F6F1BF8D4CC00CDF37B /* ViewController.swift */ = {isa = PBXFileReference; lastKnownFileType = sourcecode.swift; path = ViewController.swift; sourceTree = "<group>"; };
		237E2F721BF8D4CC00CDF37B /* Base */ = {isa = PBXFileReference; lastKnownFileType = file.storyboard; name = Base; path = Base.lproj/Main.storyboard; sourceTree = "<group>"; };
		237E2F741BF8D4CC00CDF37B /* Assets.xcassets */ = {isa = PBXFileReference; lastKnownFileType = folder.assetcatalog; path = Assets.xcassets; sourceTree = "<group>"; };
		237E2F771BF8D4CC00CDF37B /* Base */ = {isa = PBXFileReference; lastKnownFileType = file.storyboard; name = Base; path = Base.lproj/LaunchScreen.storyboard; sourceTree = "<group>"; };
		237E2F791BF8D4CC00CDF37B /* Info.plist */ = {isa = PBXFileReference; lastKnownFileType = text.plist.xml; path = Info.plist; sourceTree = "<group>"; };
		237E2F7F1BF8D63C00CDF37B /* CircularCollectionViewLayout.swift */ = {isa = PBXFileReference; fileEncoding = 4; lastKnownFileType = sourcecode.swift; path = CircularCollectionViewLayout.swift; sourceTree = "<group>"; };
		237E2F851BF8D9B000CDF37B /* CroupierStyleKit.swift */ = {isa = PBXFileReference; fileEncoding = 4; lastKnownFileType = sourcecode.swift; path = CroupierStyleKit.swift; sourceTree = "<group>"; };
		237E2F871BF8DA0D00CDF37B /* CardView.swift */ = {isa = PBXFileReference; fileEncoding = 4; lastKnownFileType = sourcecode.swift; path = CardView.swift; sourceTree = "<group>"; };
/* End PBXFileReference section */

/* Begin PBXFrameworksBuildPhase section */
		237E2F671BF8D4CC00CDF37B /* Frameworks */ = {
			isa = PBXFrameworksBuildPhase;
			buildActionMask = 2147483647;
			files = (
			);
			runOnlyForDeploymentPostprocessing = 0;
		};
/* End PBXFrameworksBuildPhase section */

/* Begin PBXGroup section */
		237E2F611BF8D4CC00CDF37B = {
			isa = PBXGroup;
			children = (
				237E2F6C1BF8D4CC00CDF37B /* Croupier */,
				237E2F6B1BF8D4CC00CDF37B /* Products */,
			);
			sourceTree = "<group>";
		};
		237E2F6B1BF8D4CC00CDF37B /* Products */ = {
			isa = PBXGroup;
			children = (
				237E2F6A1BF8D4CC00CDF37B /* Croupier.app */,
			);
			name = Products;
			sourceTree = "<group>";
		};
		237E2F6C1BF8D4CC00CDF37B /* Croupier */ = {
			isa = PBXGroup;
			children = (
				230B4C721C03348800FDCA5C /* CroupierCollectionViewCell.swift */,
				230B4C731C03348800FDCA5C /* CroupierCollectionViewCell.xib */,
				237E2F851BF8D9B000CDF37B /* CroupierStyleKit.swift */,
				237E2F6D1BF8D4CC00CDF37B /* AppDelegate.swift */,
				237E2F6F1BF8D4CC00CDF37B /* ViewController.swift */,
				237E2F711BF8D4CC00CDF37B /* Main.storyboard */,
				237E2F741BF8D4CC00CDF37B /* Assets.xcassets */,
				237E2F761BF8D4CC00CDF37B /* LaunchScreen.storyboard */,
				237E2F791BF8D4CC00CDF37B /* Info.plist */,
				237E2F7F1BF8D63C00CDF37B /* CircularCollectionViewLayout.swift */,
				237E2F871BF8DA0D00CDF37B /* CardView.swift */,
				2319893C1BFF4F2F00F4C94A /* GridCollectionViewLayout.swift */,
				2319893E1BFF58B000F4C94A /* DeckCollectionViewLayout.swift */,
				231989401BFF5FFF00F4C94A /* MasterCollectionViewLayout.swift */,
				2362DD5C1C00C46D002C1D64 /* ScatterCollectionViewLayout.swift */,
			);
			path = Croupier;
			sourceTree = "<group>";
		};
/* End PBXGroup section */

/* Begin PBXNativeTarget section */
		237E2F691BF8D4CC00CDF37B /* Croupier */ = {
			isa = PBXNativeTarget;
			buildConfigurationList = 237E2F7C1BF8D4CC00CDF37B /* Build configuration list for PBXNativeTarget "Croupier" */;
			buildPhases = (
				237E2F661BF8D4CC00CDF37B /* Sources */,
				237E2F671BF8D4CC00CDF37B /* Frameworks */,
				237E2F681BF8D4CC00CDF37B /* Resources */,
			);
			buildRules = (
			);
			dependencies = (
			);
			name = Croupier;
			productName = Croupier;
			productReference = 237E2F6A1BF8D4CC00CDF37B /* Croupier.app */;
			productType = "com.apple.product-type.application";
		};
/* End PBXNativeTarget section */

/* Begin PBXProject section */
		237E2F621BF8D4CC00CDF37B /* Project object */ = {
			isa = PBXProject;
			attributes = {
				LastSwiftUpdateCheck = 0710;
				LastUpgradeCheck = 0710;
				ORGANIZATIONNAME = bellovic;
				TargetAttributes = {
					237E2F691BF8D4CC00CDF37B = {
						CreatedOnToolsVersion = 7.1.1;
						DevelopmentTeam = HRP7WJWH3Y;
					};
				};
			};
			buildConfigurationList = 237E2F651BF8D4CC00CDF37B /* Build configuration list for PBXProject "Croupier" */;
			compatibilityVersion = "Xcode 3.2";
			developmentRegion = English;
			hasScannedForEncodings = 0;
			knownRegions = (
				en,
				Base,
			);
			mainGroup = 237E2F611BF8D4CC00CDF37B;
			productRefGroup = 237E2F6B1BF8D4CC00CDF37B /* Products */;
			projectDirPath = "";
			projectRoot = "";
			targets = (
				237E2F691BF8D4CC00CDF37B /* Croupier */,
			);
		};
/* End PBXProject section */

/* Begin PBXResourcesBuildPhase section */
		237E2F681BF8D4CC00CDF37B /* Resources */ = {
			isa = PBXResourcesBuildPhase;
			buildActionMask = 2147483647;
			files = (
				230B4C751C03348800FDCA5C /* CroupierCollectionViewCell.xib in Resources */,
				237E2F781BF8D4CC00CDF37B /* LaunchScreen.storyboard in Resources */,
				237E2F751BF8D4CC00CDF37B /* Assets.xcassets in Resources */,
				237E2F731BF8D4CC00CDF37B /* Main.storyboard in Resources */,
			);
			runOnlyForDeploymentPostprocessing = 0;
		};
/* End PBXResourcesBuildPhase section */

/* Begin PBXSourcesBuildPhase section */
		237E2F661BF8D4CC00CDF37B /* Sources */ = {
			isa = PBXSourcesBuildPhase;
			buildActionMask = 2147483647;
			files = (
				2319893D1BFF4F2F00F4C94A /* GridCollectionViewLayout.swift in Sources */,
				237E2F801BF8D63C00CDF37B /* CircularCollectionViewLayout.swift in Sources */,
				237E2F701BF8D4CC00CDF37B /* ViewController.swift in Sources */,
				2362DD5D1C00C46D002C1D64 /* ScatterCollectionViewLayout.swift in Sources */,
				237E2F861BF8D9B000CDF37B /* CroupierStyleKit.swift in Sources */,
				2319893F1BFF58B000F4C94A /* DeckCollectionViewLayout.swift in Sources */,
				237E2F881BF8DA0D00CDF37B /* CardView.swift in Sources */,
				231989411BFF5FFF00F4C94A /* MasterCollectionViewLayout.swift in Sources */,
				230B4C741C03348800FDCA5C /* CroupierCollectionViewCell.swift in Sources */,
				237E2F6E1BF8D4CC00CDF37B /* AppDelegate.swift in Sources */,
			);
			runOnlyForDeploymentPostprocessing = 0;
		};
/* End PBXSourcesBuildPhase section */

/* Begin PBXVariantGroup section */
		237E2F711BF8D4CC00CDF37B /* Main.storyboard */ = {
			isa = PBXVariantGroup;
			children = (
				237E2F721BF8D4CC00CDF37B /* Base */,
			);
			name = Main.storyboard;
			sourceTree = "<group>";
		};
		237E2F761BF8D4CC00CDF37B /* LaunchScreen.storyboard */ = {
			isa = PBXVariantGroup;
			children = (
				237E2F771BF8D4CC00CDF37B /* Base */,
			);
			name = LaunchScreen.storyboard;
			sourceTree = "<group>";
		};
/* End PBXVariantGroup section */

/* Begin XCBuildConfiguration section */
		237E2F7A1BF8D4CC00CDF37B /* Debug */ = {
			isa = XCBuildConfiguration;
			buildSettings = {
				ALWAYS_SEARCH_USER_PATHS = NO;
				CLANG_CXX_LANGUAGE_STANDARD = "gnu++0x";
				CLANG_CXX_LIBRARY = "libc++";
				CLANG_ENABLE_MODULES = YES;
				CLANG_ENABLE_OBJC_ARC = YES;
				CLANG_WARN_BOOL_CONVERSION = YES;
				CLANG_WARN_CONSTANT_CONVERSION = YES;
				CLANG_WARN_DIRECT_OBJC_ISA_USAGE = YES_ERROR;
				CLANG_WARN_EMPTY_BODY = YES;
				CLANG_WARN_ENUM_CONVERSION = YES;
				CLANG_WARN_INT_CONVERSION = YES;
				CLANG_WARN_OBJC_ROOT_CLASS = YES_ERROR;
				CLANG_WARN_UNREACHABLE_CODE = YES;
				CLANG_WARN__DUPLICATE_METHOD_MATCH = YES;
				"CODE_SIGN_IDENTITY[sdk=iphoneos*]" = "iPhone Developer";
				COPY_PHASE_STRIP = NO;
				DEBUG_INFORMATION_FORMAT = dwarf;
				ENABLE_STRICT_OBJC_MSGSEND = YES;
				ENABLE_TESTABILITY = YES;
				GCC_C_LANGUAGE_STANDARD = gnu99;
				GCC_DYNAMIC_NO_PIC = NO;
				GCC_NO_COMMON_BLOCKS = YES;
				GCC_OPTIMIZATION_LEVEL = 0;
				GCC_PREPROCESSOR_DEFINITIONS = (
					"DEBUG=1",
					"$(inherited)",
				);
				GCC_WARN_64_TO_32_BIT_CONVERSION = YES;
				GCC_WARN_ABOUT_RETURN_TYPE = YES_ERROR;
				GCC_WARN_UNDECLARED_SELECTOR = YES;
				GCC_WARN_UNINITIALIZED_AUTOS = YES_AGGRESSIVE;
				GCC_WARN_UNUSED_FUNCTION = YES;
				GCC_WARN_UNUSED_VARIABLE = YES;
				IPHONEOS_DEPLOYMENT_TARGET = 9.1;
				MTL_ENABLE_DEBUG_INFO = YES;
				ONLY_ACTIVE_ARCH = YES;
				SDKROOT = iphoneos;
				SWIFT_OPTIMIZATION_LEVEL = "-Onone";
				TARGETED_DEVICE_FAMILY = "1,2";
			};
			name = Debug;
		};
		237E2F7B1BF8D4CC00CDF37B /* Release */ = {
			isa = XCBuildConfiguration;
			buildSettings = {
				ALWAYS_SEARCH_USER_PATHS = NO;
				CLANG_CXX_LANGUAGE_STANDARD = "gnu++0x";
				CLANG_CXX_LIBRARY = "libc++";
				CLANG_ENABLE_MODULES = YES;
				CLANG_ENABLE_OBJC_ARC = YES;
				CLANG_WARN_BOOL_CONVERSION = YES;
				CLANG_WARN_CONSTANT_CONVERSION = YES;
				CLANG_WARN_DIRECT_OBJC_ISA_USAGE = YES_ERROR;
				CLANG_WARN_EMPTY_BODY = YES;
				CLANG_WARN_ENUM_CONVERSION = YES;
				CLANG_WARN_INT_CONVERSION = YES;
				CLANG_WARN_OBJC_ROOT_CLASS = YES_ERROR;
				CLANG_WARN_UNREACHABLE_CODE = YES;
				CLANG_WARN__DUPLICATE_METHOD_MATCH = YES;
				"CODE_SIGN_IDENTITY[sdk=iphoneos*]" = "iPhone Developer";
				COPY_PHASE_STRIP = NO;
				DEBUG_INFORMATION_FORMAT = "dwarf-with-dsym";
				ENABLE_NS_ASSERTIONS = NO;
				ENABLE_STRICT_OBJC_MSGSEND = YES;
				GCC_C_LANGUAGE_STANDARD = gnu99;
				GCC_NO_COMMON_BLOCKS = YES;
				GCC_WARN_64_TO_32_BIT_CONVERSION = YES;
				GCC_WARN_ABOUT_RETURN_TYPE = YES_ERROR;
				GCC_WARN_UNDECLARED_SELECTOR = YES;
				GCC_WARN_UNINITIALIZED_AUTOS = YES_AGGRESSIVE;
				GCC_WARN_UNUSED_FUNCTION = YES;
				GCC_WARN_UNUSED_VARIABLE = YES;
				IPHONEOS_DEPLOYMENT_TARGET = 9.1;
				MTL_ENABLE_DEBUG_INFO = NO;
				SDKROOT = iphoneos;
				TARGETED_DEVICE_FAMILY = "1,2";
				VALIDATE_PRODUCT = YES;
			};
			name = Release;
		};
		237E2F7D1BF8D4CC00CDF37B /* Debug */ = {
			isa = XCBuildConfiguration;
			buildSettings = {
				ASSETCATALOG_COMPILER_APPICON_NAME = AppIcon;
				CODE_SIGN_IDENTITY = "iPhone Developer";
				"CODE_SIGN_IDENTITY[sdk=iphoneos*]" = "iPhone Developer";
				INFOPLIST_FILE = Croupier/Info.plist;
				LD_RUNPATH_SEARCH_PATHS = "$(inherited) @executable_path/Frameworks";
				PRODUCT_BUNDLE_IDENTIFIER = com.bellovic.Croupier;
				PRODUCT_NAME = "$(TARGET_NAME)";
				PROVISIONING_PROFILE = "";
			};
			name = Debug;
		};
		237E2F7E1BF8D4CC00CDF37B /* Release */ = {
			isa = XCBuildConfiguration;
			buildSettings = {
				ASSETCATALOG_COMPILER_APPICON_NAME = AppIcon;
				CODE_SIGN_IDENTITY = "iPhone Developer";
				"CODE_SIGN_IDENTITY[sdk=iphoneos*]" = "iPhone Developer";
				INFOPLIST_FILE = Croupier/Info.plist;
				LD_RUNPATH_SEARCH_PATHS = "$(inherited) @executable_path/Frameworks";
				PRODUCT_BUNDLE_IDENTIFIER = com.bellovic.Croupier;
				PRODUCT_NAME = "$(TARGET_NAME)";
				PROVISIONING_PROFILE = "";
			};
			name = Release;
		};
/* End XCBuildConfiguration section */

/* Begin XCConfigurationList section */
		237E2F651BF8D4CC00CDF37B /* Build configuration list for PBXProject "Croupier" */ = {
			isa = XCConfigurationList;
			buildConfigurations = (
				237E2F7A1BF8D4CC00CDF37B /* Debug */,
				237E2F7B1BF8D4CC00CDF37B /* Release */,
			);
			defaultConfigurationIsVisible = 0;
			defaultConfigurationName = Release;
		};
		237E2F7C1BF8D4CC00CDF37B /* Build configuration list for PBXNativeTarget "Croupier" */ = {
			isa = XCConfigurationList;
			buildConfigurations = (
				237E2F7D1BF8D4CC00CDF37B /* Debug */,
				237E2F7E1BF8D4CC00CDF37B /* Release */,
			);
			defaultConfigurationIsVisible = 0;
			defaultConfigurationName = Release;
		};
/* End XCConfigurationList section */
	};
	rootObject = 237E2F621BF8D4CC00CDF37B /* Project object */;
}
